
Microsoft Visual Studio Solution File, Format Version 12.00
# Visual Studio Version 16
VisualStudioVersion = 16.0.31424.327
MinimumVisualStudioVersion = 10.0.40219.1
Project("{FAE04EC0-301F-11D3-BF4B-00C04F79EFBC}") = "Student", "Student\Student.csproj", "{1DF555B4-A93D-4E6A-A325-7B56E3F61E6F}"
EndProject
Global
	GlobalSection(SolutionConfigurationPlatforms) = preSolution
		Debug|Any CPU = Debug|Any CPU
		Release|Any CPU = Release|Any CPU
	EndGlobalSection
	GlobalSection(ProjectConfigurationPlatforms) = postSolution
		{1DF555B4-A93D-4E6A-A325-7B56E3F61E6F}.Debug|Any CPU.ActiveCfg = Debug|Any CPU
		{1DF555B4-A93D-4E6A-A325-7B56E3F61E6F}.Debug|Any CPU.Build.0 = Debug|Any CPU
		{1DF555B4-A93D-4E6A-A325-7B56E3F61E6F}.Release|Any CPU.ActiveCfg = Release|Any CPU
		{1DF555B4-A93D-4E6A-A325-7B56E3F61E6F}.Release|Any CPU.Build.0 = Release|Any CPU
	EndGlobalSection
	GlobalSection(SolutionProperties) = preSolution
		HideSolutionNode = FALSE
	EndGlobalSection
	GlobalSection(ExtensibilityGlobals) = postSolution
		SolutionGuid = {9316F869-BAAC-45B6-AF4A-350C61896D82}
	EndGlobalSection
EndGlobal
