
Microsoft Visual Studio Solution File, Format Version 12.00
# Visual Studio Version 16
VisualStudioVersion = 16.0.31424.327
MinimumVisualStudioVersion = 10.0.40219.1
Project("{FAE04EC0-301F-11D3-BF4B-00C04F79EFBC}") = "FibonacciSeries_Recursion", "FibonacciSeries_Recursion\FibonacciSeries_Recursion.csproj", "{C0ABDC91-76A3-4882-A077-0D35E0730AC9}"
EndProject
Global
	GlobalSection(SolutionConfigurationPlatforms) = preSolution
		Debug|Any CPU = Debug|Any CPU
		Release|Any CPU = Release|Any CPU
	EndGlobalSection
	GlobalSection(ProjectConfigurationPlatforms) = postSolution
		{C0ABDC91-76A3-4882-A077-0D35E0730AC9}.Debug|Any CPU.ActiveCfg = Debug|Any CPU
		{C0ABDC91-76A3-4882-A077-0D35E0730AC9}.Debug|Any CPU.Build.0 = Debug|Any CPU
		{C0ABDC91-76A3-4882-A077-0D35E0730AC9}.Release|Any CPU.ActiveCfg = Release|Any CPU
		{C0ABDC91-76A3-4882-A077-0D35E0730AC9}.Release|Any CPU.Build.0 = Release|Any CPU
	EndGlobalSection
	GlobalSection(SolutionProperties) = preSolution
		HideSolutionNode = FALSE
	EndGlobalSection
	GlobalSection(ExtensibilityGlobals) = postSolution
		SolutionGuid = {4CFB2C0C-13E9-4F94-8453-C10DDE92AA13}
	EndGlobalSection
EndGlobal
