
Microsoft Visual Studio Solution File, Format Version 12.00
# Visual Studio Version 16
VisualStudioVersion = 16.0.31424.327
MinimumVisualStudioVersion = 10.0.40219.1
Project("{FAE04EC0-301F-11D3-BF4B-00C04F79EFBC}") = "CustomersDetails", "CustomersDetails\CustomersDetails.csproj", "{2B8CA6AC-441D-4347-A618-07F0B64077DE}"
EndProject
Global
	GlobalSection(SolutionConfigurationPlatforms) = preSolution
		Debug|Any CPU = Debug|Any CPU
		Release|Any CPU = Release|Any CPU
	EndGlobalSection
	GlobalSection(ProjectConfigurationPlatforms) = postSolution
		{2B8CA6AC-441D-4347-A618-07F0B64077DE}.Debug|Any CPU.ActiveCfg = Debug|Any CPU
		{2B8CA6AC-441D-4347-A618-07F0B64077DE}.Debug|Any CPU.Build.0 = Debug|Any CPU
		{2B8CA6AC-441D-4347-A618-07F0B64077DE}.Release|Any CPU.ActiveCfg = Release|Any CPU
		{2B8CA6AC-441D-4347-A618-07F0B64077DE}.Release|Any CPU.Build.0 = Release|Any CPU
	EndGlobalSection
	GlobalSection(SolutionProperties) = preSolution
		HideSolutionNode = FALSE
	EndGlobalSection
	GlobalSection(ExtensibilityGlobals) = postSolution
		SolutionGuid = {E1B82762-024F-4546-86B0-04E7B1CB922B}
	EndGlobalSection
EndGlobal
