
Microsoft Visual Studio Solution File, Format Version 12.00
# Visual Studio Version 16
VisualStudioVersion = 16.0.31424.327
MinimumVisualStudioVersion = 10.0.40219.1
Project("{FAE04EC0-301F-11D3-BF4B-00C04F79EFBC}") = "Fahrenheit", "Fahrenheit\Fahrenheit.csproj", "{E79CF068-39F6-4E93-8A4A-95C49E84D40D}"
EndProject
Project("{FAE04EC0-301F-11D3-BF4B-00C04F79EFBC}") = "TestProject1", "TestProject1\TestProject1.csproj", "{CEC73216-8F6E-4459-99BC-99C758319C58}"
EndProject
Global
	GlobalSection(SolutionConfigurationPlatforms) = preSolution
		Debug|Any CPU = Debug|Any CPU
		Release|Any CPU = Release|Any CPU
	EndGlobalSection
	GlobalSection(ProjectConfigurationPlatforms) = postSolution
		{E79CF068-39F6-4E93-8A4A-95C49E84D40D}.Debug|Any CPU.ActiveCfg = Debug|Any CPU
		{E79CF068-39F6-4E93-8A4A-95C49E84D40D}.Debug|Any CPU.Build.0 = Debug|Any CPU
		{E79CF068-39F6-4E93-8A4A-95C49E84D40D}.Release|Any CPU.ActiveCfg = Release|Any CPU
		{E79CF068-39F6-4E93-8A4A-95C49E84D40D}.Release|Any CPU.Build.0 = Release|Any CPU
		{CEC73216-8F6E-4459-99BC-99C758319C58}.Debug|Any CPU.ActiveCfg = Debug|Any CPU
		{CEC73216-8F6E-4459-99BC-99C758319C58}.Debug|Any CPU.Build.0 = Debug|Any CPU
		{CEC73216-8F6E-4459-99BC-99C758319C58}.Release|Any CPU.ActiveCfg = Release|Any CPU
		{CEC73216-8F6E-4459-99BC-99C758319C58}.Release|Any CPU.Build.0 = Release|Any CPU
	EndGlobalSection
	GlobalSection(SolutionProperties) = preSolution
		HideSolutionNode = FALSE
	EndGlobalSection
	GlobalSection(ExtensibilityGlobals) = postSolution
		SolutionGuid = {53729228-3D6E-4BDA-95C3-E7ECC27EAAB0}
	EndGlobalSection
EndGlobal
